
Microsoft Visual Studio Solution File, Format Version 12.00
# Visual Studio Version 17
VisualStudioVersion = 17.9.34526.213
MinimumVisualStudioVersion = 10.0.40219.1
Project("{FAE04EC0-301F-11D3-BF4B-00C04F79EFBC}") = "Addventure", "Addventure.csproj", "{CEC75DFC-796C-4A11-924E-CF009B7A2977}"
EndProject
Global
	GlobalSection(SolutionConfigurationPlatforms) = preSolution
		Debug|Any CPU = Debug|Any CPU
		Release|Any CPU = Release|Any CPU
	EndGlobalSection
	GlobalSection(ProjectConfigurationPlatforms) = postSolution
		{CEC75DFC-796C-4A11-924E-CF009B7A2977}.Debug|Any CPU.ActiveCfg = Debug|Any CPU
		{CEC75DFC-796C-4A11-924E-CF009B7A2977}.Debug|Any CPU.Build.0 = Debug|Any CPU
		{CEC75DFC-796C-4A11-924E-CF009B7A2977}.Release|Any CPU.ActiveCfg = Release|Any CPU
		{CEC75DFC-796C-4A11-924E-CF009B7A2977}.Release|Any CPU.Build.0 = Release|Any CPU
	EndGlobalSection
	GlobalSection(SolutionProperties) = preSolution
		HideSolutionNode = FALSE
	EndGlobalSection
	GlobalSection(ExtensibilityGlobals) = postSolution
		SolutionGuid = {FF8CFEC4-D03E-4D33-ABC3-D5F5DAC46375}
	EndGlobalSection
EndGlobal
